<?xml version="1.0" encoding="utf-8"?>
<Project ToolsVersion="4.0" xmlns="http://schemas.microsoft.com/developer/msbuild/2003">
  <ItemGroup>
    <Filter Include="channel">
      <UniqueIdentifier>{7599bbee-20c0-43f8-af4b-fe3429e65f1a}</UniqueIdentifier>
    </Filter>
    <Filter Include="world">
      <UniqueIdentifier>{58eb5d3e-7fd8-4044-83f4-4ae5074ca916}</UniqueIdentifier>
    </Filter>
    <Filter Include="server">
      <UniqueIdentifier>{aea8793d-a01c-4110-b122-cb12c886c624}</UniqueIdentifier>
    </Filter>
  </ItemGroup>
  <ItemGroup>
    <ClCompile Include="main.cpp" />
    <ClCompile Include="world\world.cpp">
      <Filter>world</Filter>
    </ClCompile>
    <ClCompile Include="server\conn_manager.cpp">
      <Filter>server</Filter>
    </ClCompile>
    <ClCompile Include="server\connection.cpp">
      <Filter>server</Filter>
    </ClCompile>
    <ClCompile Include="server\ws_server.cpp">
      <Filter>server</Filter>
    </ClCompile>
    <ClCompile Include="channel\channel.cpp">
      <Filter>channel</Filter>
    </ClCompile>
    <ClCompile Include="channel\message.cpp">
      <Filter>channel</Filter>
    </ClCompile>
  </ItemGroup>
  <ItemGroup>
    <ClInclude Include="world\world.hpp">
      <Filter>world</Filter>
    </ClInclude>
    <ClInclude Include="server\conn_manager.hpp">
      <Filter>server</Filter>
    </ClInclude>
    <ClInclude Include="server\connection.hpp">
      <Filter>server</Filter>
    </ClInclude>
    <ClInclude Include="server\ws_server.hpp">
      <Filter>server</Filter>
    </ClInclude>
    <ClInclude Include="channel\message.hpp">
      <Filter>channel</Filter>
    </ClInclude>
    <ClInclude Include="channel\channel.hpp">
      <Filter>channel</Filter>
    </ClInclude>
  </ItemGroup>
</Project>